
Microsoft Visual Studio Solution File, Format Version 12.00
# Visual Studio Version 17
VisualStudioVersion = 17.8.34112.27
MinimumVisualStudioVersion = 10.0.40219.1
Project("{FAE04EC0-301F-11D3-BF4B-00C04F79EFBC}") = "Cinema", "Cinema\Cinema.csproj", "{EF4A6604-CBAF-4D0C-B3BA-C9BC615697F5}"
EndProject
Global
	GlobalSection(SolutionConfigurationPlatforms) = preSolution
		Debug|Any CPU = Debug|Any CPU
		Release|Any CPU = Release|Any CPU
	EndGlobalSection
	GlobalSection(ProjectConfigurationPlatforms) = postSolution
		{EF4A6604-CBAF-4D0C-B3BA-C9BC615697F5}.Debug|Any CPU.ActiveCfg = Debug|Any CPU
		{EF4A6604-CBAF-4D0C-B3BA-C9BC615697F5}.Debug|Any CPU.Build.0 = Debug|Any CPU
		{EF4A6604-CBAF-4D0C-B3BA-C9BC615697F5}.Release|Any CPU.ActiveCfg = Release|Any CPU
		{EF4A6604-CBAF-4D0C-B3BA-C9BC615697F5}.Release|Any CPU.Build.0 = Release|Any CPU
	EndGlobalSection
	GlobalSection(SolutionProperties) = preSolution
		HideSolutionNode = FALSE
	EndGlobalSection
	GlobalSection(ExtensibilityGlobals) = postSolution
		SolutionGuid = {48B5457B-46D2-4590-9180-973A61E8269E}
	EndGlobalSection
EndGlobal
